Microsoft Visual Studio Solution File, Format Version 12.00
# Visual Studio Version 17
VisualStudioVersion = 17.5.2.0
MinimumVisualStudioVersion = 10.0.40219.1
Project("{FAE04EC0-301F-11D3-BF4B-00C04F79EFBC}") = "Trabalho-Final", "Trabalho-Final.csproj", "{56067230-7AF8-6F4D-1CDD-FBB37ECEF430}"
EndProject
Global
	GlobalSection(SolutionConfigurationPlatforms) = preSolution
		Debug|Any CPU = Debug|Any CPU
		Release|Any CPU = Release|Any CPU
	EndGlobalSection
	GlobalSection(ProjectConfigurationPlatforms) = postSolution
		{56067230-7AF8-6F4D-1CDD-FBB37ECEF430}.Debug|Any CPU.ActiveCfg = Debug|Any CPU
		{56067230-7AF8-6F4D-1CDD-FBB37ECEF430}.Debug|Any CPU.Build.0 = Debug|Any CPU
		{56067230-7AF8-6F4D-1CDD-FBB37ECEF430}.Release|Any CPU.ActiveCfg = Release|Any CPU
		{56067230-7AF8-6F4D-1CDD-FBB37ECEF430}.Release|Any CPU.Build.0 = Release|Any CPU
	EndGlobalSection
	GlobalSection(SolutionProperties) = preSolution
		HideSolutionNode = FALSE
	EndGlobalSection
	GlobalSection(ExtensibilityGlobals) = postSolution
		SolutionGuid = {A9878B94-A798-4EEE-B5C6-59DF682EBE8E}
	EndGlobalSection
EndGlobal
